
Microsoft Visual Studio Solution File, Format Version 12.00
# Visual Studio Version 16
VisualStudioVersion = 25.0.1703.8
MinimumVisualStudioVersion = 10.0.40219.1
Project("{FAE04EC0-301F-11D3-BF4B-00C04F79EFBC}") = "ccc-csharp-solutions", "ccc-csharp-solutions.csproj", "{FD027691-A996-4DAD-8074-28290F4BAD18}"
EndProject
Global
	GlobalSection(SolutionConfigurationPlatforms) = preSolution
		Debug|Any CPU = Debug|Any CPU
		Release|Any CPU = Release|Any CPU
	EndGlobalSection
	GlobalSection(ProjectConfigurationPlatforms) = postSolution
		{FD027691-A996-4DAD-8074-28290F4BAD18}.Debug|Any CPU.ActiveCfg = Debug|Any CPU
		{FD027691-A996-4DAD-8074-28290F4BAD18}.Debug|Any CPU.Build.0 = Debug|Any CPU
		{FD027691-A996-4DAD-8074-28290F4BAD18}.Release|Any CPU.ActiveCfg = Release|Any CPU
		{FD027691-A996-4DAD-8074-28290F4BAD18}.Release|Any CPU.Build.0 = Release|Any CPU
	EndGlobalSection
	GlobalSection(SolutionProperties) = preSolution
		HideSolutionNode = FALSE
	EndGlobalSection
	GlobalSection(ExtensibilityGlobals) = postSolution
		SolutionGuid = {FA3C685F-C496-4FA3-90D5-301406E14CA2}
	EndGlobalSection
EndGlobal
